
Microsoft Visual Studio Solution File, Format Version 12.00
# Visual Studio Version 17
VisualStudioVersion = 17.4.33213.308
MinimumVisualStudioVersion = 10.0.40219.1
Project("{9A19103F-16F7-4668-BE54-9A1E7A4F7556}") = "SmileBot.Web", "SmileBot.Web\SmileBot.Web.csproj", "{1B9DAEB7-7826-4387-99A5-1E17109EDF4E}"
EndProject
Project("{FAE04EC0-301F-11D3-BF4B-00C04F79EFBC}") = "SmileBotFirstConnection", "SmileBotFirstConnection\SmileBotFirstConnection.csproj", "{3217F626-6E66-410E-8B9F-A5C381FE7945}"
EndProject
Global
	GlobalSection(SolutionConfigurationPlatforms) = preSolution
		Debug|Any CPU = Debug|Any CPU
		Release|Any CPU = Release|Any CPU
	EndGlobalSection
	GlobalSection(ProjectConfigurationPlatforms) = postSolution
		{1B9DAEB7-7826-4387-99A5-1E17109EDF4E}.Debug|Any CPU.ActiveCfg = Debug|Any CPU
		{1B9DAEB7-7826-4387-99A5-1E17109EDF4E}.Debug|Any CPU.Build.0 = Debug|Any CPU
		{1B9DAEB7-7826-4387-99A5-1E17109EDF4E}.Release|Any CPU.ActiveCfg = Release|Any CPU
		{1B9DAEB7-7826-4387-99A5-1E17109EDF4E}.Release|Any CPU.Build.0 = Release|Any CPU
		{3217F626-6E66-410E-8B9F-A5C381FE7945}.Debug|Any CPU.ActiveCfg = Debug|Any CPU
		{3217F626-6E66-410E-8B9F-A5C381FE7945}.Debug|Any CPU.Build.0 = Debug|Any CPU
		{3217F626-6E66-410E-8B9F-A5C381FE7945}.Release|Any CPU.ActiveCfg = Release|Any CPU
		{3217F626-6E66-410E-8B9F-A5C381FE7945}.Release|Any CPU.Build.0 = Release|Any CPU
	EndGlobalSection
	GlobalSection(SolutionProperties) = preSolution
		HideSolutionNode = FALSE
	EndGlobalSection
	GlobalSection(ExtensibilityGlobals) = postSolution
		SolutionGuid = {E11EB2CB-D319-4E38-8BD7-F80FD580EB5C}
	EndGlobalSection
EndGlobal
